
Microsoft Visual Studio Solution File, Format Version 12.00
# Visual Studio Version 17
VisualStudioVersion = 17.13.35931.197 d17.13
MinimumVisualStudioVersion = 10.0.40219.1
Project("{FAE04EC0-301F-11D3-BF4B-00C04F79EFBC}") = "Front-End", "Front-End\Front-End.csproj", "{7B24C500-BF68-423E-AC9F-F2D867747191}"
EndProject
Global
	GlobalSection(SolutionConfigurationPlatforms) = preSolution
		Debug|Any CPU = Debug|Any CPU
		Release|Any CPU = Release|Any CPU
	EndGlobalSection
	GlobalSection(ProjectConfigurationPlatforms) = postSolution
		{7B24C500-BF68-423E-AC9F-F2D867747191}.Debug|Any CPU.ActiveCfg = Debug|Any CPU
		{7B24C500-BF68-423E-AC9F-F2D867747191}.Debug|Any CPU.Build.0 = Debug|Any CPU
		{7B24C500-BF68-423E-AC9F-F2D867747191}.Release|Any CPU.ActiveCfg = Release|Any CPU
		{7B24C500-BF68-423E-AC9F-F2D867747191}.Release|Any CPU.Build.0 = Release|Any CPU
	EndGlobalSection
	GlobalSection(SolutionProperties) = preSolution
		HideSolutionNode = FALSE
	EndGlobalSection
	GlobalSection(ExtensibilityGlobals) = postSolution
		SolutionGuid = {08D7D434-B56C-42C6-B987-33AE1E691609}
	EndGlobalSection
EndGlobal
